
Microsoft Visual Studio Solution File, Format Version 12.00
# Visual Studio Version 17
VisualStudioVersion = 17.14.36623.8
MinimumVisualStudioVersion = 10.0.40219.1
Project("{FAE04EC0-301F-11D3-BF4B-00C04F79EFBC}") = "OOP_lab3", "OOP_lab3.csproj", "{68C84B14-495E-4088-9CED-62FFB8853DC9}"
EndProject
Project("{FAE04EC0-301F-11D3-BF4B-00C04F79EFBC}") = "LabUlits", "..\LabUlits\LabUlits.csproj", "{F3A52FD8-340C-4BD0-BF6A-5EE689CBD880}"
EndProject
Global
	GlobalSection(SolutionConfigurationPlatforms) = preSolution
		Debug|Any CPU = Debug|Any CPU
		Release|Any CPU = Release|Any CPU
	EndGlobalSection
	GlobalSection(ProjectConfigurationPlatforms) = postSolution
		{68C84B14-495E-4088-9CED-62FFB8853DC9}.Debug|Any CPU.ActiveCfg = Debug|Any CPU
		{68C84B14-495E-4088-9CED-62FFB8853DC9}.Debug|Any CPU.Build.0 = Debug|Any CPU
		{68C84B14-495E-4088-9CED-62FFB8853DC9}.Release|Any CPU.ActiveCfg = Release|Any CPU
		{68C84B14-495E-4088-9CED-62FFB8853DC9}.Release|Any CPU.Build.0 = Release|Any CPU
		{F3A52FD8-340C-4BD0-BF6A-5EE689CBD880}.Debug|Any CPU.ActiveCfg = Debug|Any CPU
		{F3A52FD8-340C-4BD0-BF6A-5EE689CBD880}.Debug|Any CPU.Build.0 = Debug|Any CPU
		{F3A52FD8-340C-4BD0-BF6A-5EE689CBD880}.Release|Any CPU.ActiveCfg = Release|Any CPU
		{F3A52FD8-340C-4BD0-BF6A-5EE689CBD880}.Release|Any CPU.Build.0 = Release|Any CPU
	EndGlobalSection
	GlobalSection(SolutionProperties) = preSolution
		HideSolutionNode = FALSE
	EndGlobalSection
	GlobalSection(ExtensibilityGlobals) = postSolution
		SolutionGuid = {F889CE43-5180-4CDC-A6D3-62F8563BF37F}
	EndGlobalSection
EndGlobal
